<?xml version="1.0" encoding="utf-8"?>
<Project ToolsVersion="4.0" xmlns="http://schemas.microsoft.com/developer/msbuild/2003">
  <ItemGroup>
    <Filter Include="Source Files">
      <UniqueIdentifier>{4FC737F1-C7A5-4376-A066-2A32D752A2FF}</UniqueIdentifier>
      <Extensions>cpp;c;cc;cxx;def;odl;idl;hpj;bat;asm;asmx</Extensions>
    </Filter>
    <Filter Include="Header Files">
      <UniqueIdentifier>{93995380-89BD-4b04-88EB-625FBE52EBFB}</UniqueIdentifier>
      <Extensions>h;hh;hpp;hxx;hm;inl;inc;ipp;xsd</Extensions>
    </Filter>
    <Filter Include="Resource Files">
      <UniqueIdentifier>{67DA6AB6-F800-4c08-8B7A-83BB121AAD01}</UniqueIdentifier>
      <Extensions>rc;ico;cur;bmp;dlg;rc2;rct;bin;rgs;gif;jpg;jpeg;jpe;resx;tiff;tif;png;wav;mfcribbon-ms</Extensions>
    </Filter>
    <Filter Include="Header Files\warmane">
      <UniqueIdentifier>{1918b06c-544e-4ab0-87c7-352fd003f55b}</UniqueIdentifier>
    </Filter>
    <Filter Include="Header Files\warmane\armory">
      <UniqueIdentifier>{f5122d60-23f7-42e8-9f41-2e625ad281b5}</UniqueIdentifier>
    </Filter>
    <Filter Include="Header Files\warmane\armory\api">
      <UniqueIdentifier>{decb447a-5190-4181-a5b7-a344fda76625}</UniqueIdentifier>
    </Filter>
    <Filter Include="Header Files\other">
      <UniqueIdentifier>{7f3a8215-ef70-4e4c-a03b-685069488895}</UniqueIdentifier>
    </Filter>
    <Filter Include="Header Files\warmane\armory\http">
      <UniqueIdentifier>{5482a0ca-591c-4e62-a829-c65f1e9100ff}</UniqueIdentifier>
    </Filter>
    <Filter Include="Header Files\warmane\armory\site">
      <UniqueIdentifier>{404fa443-1388-4c1a-bfd0-6b0dad515a29}</UniqueIdentifier>
    </Filter>
    <Filter Include="Header Files\warmane\armory\site\parser">
      <UniqueIdentifier>{fd835bb6-ef08-4709-90ee-c3fc7bd2af72}</UniqueIdentifier>
    </Filter>
    <Filter Include="Header Files\warmane\utility">
      <UniqueIdentifier>{1f527a45-a20e-45aa-b639-007e33619acf}</UniqueIdentifier>
    </Filter>
    <Filter Include="Header Files\warmane\armory\site\parser\tokens">
      <UniqueIdentifier>{39270fd8-cec1-46f0-a00d-da54854ccf86}</UniqueIdentifier>
    </Filter>
    <Filter Include="Header Files\warmane\armory\site\parser\html">
      <UniqueIdentifier>{b4cedd39-cf90-47f6-b610-d0adf82f5b94}</UniqueIdentifier>
    </Filter>
    <Filter Include="Header Files\warmane\armory\site\parser\patterns">
      <UniqueIdentifier>{564f45fa-c9ca-4931-918b-d45df6cc3375}</UniqueIdentifier>
    </Filter>
  </ItemGroup>
  <ItemGroup>
    <ClCompile Include="warmane-api.cpp">
      <Filter>Source Files</Filter>
    </ClCompile>
  </ItemGroup>
  <ItemGroup>
    <ClInclude Include="..\..\include\warmane\realms.hpp">
      <Filter>Header Files\warmane</Filter>
    </ClInclude>
    <ClInclude Include="..\..\include\warmane\armory\services.hpp">
      <Filter>Header Files\warmane\armory</Filter>
    </ClInclude>
    <ClInclude Include="targetver.hpp">
      <Filter>Header Files\other</Filter>
    </ClInclude>
    <ClInclude Include="..\..\include\warmane\armory\item.hpp">
      <Filter>Header Files\warmane\armory</Filter>
    </ClInclude>
    <ClInclude Include="..\..\include\warmane\armory\profession.hpp">
      <Filter>Header Files\warmane\armory</Filter>
    </ClInclude>
    <ClInclude Include="..\..\include\warmane\armory\talent.hpp">
      <Filter>Header Files\warmane\armory</Filter>
    </ClInclude>
    <ClInclude Include="..\..\include\warmane\armory\api\error.hpp">
      <Filter>Header Files\warmane\armory\api</Filter>
    </ClInclude>
    <ClInclude Include="..\..\include\warmane\armory\http\target.hpp">
      <Filter>Header Files\warmane\armory\http</Filter>
    </ClInclude>
    <ClInclude Include="..\..\include\warmane\armory\api\target.hpp">
      <Filter>Header Files\warmane\armory\api</Filter>
    </ClInclude>
    <ClInclude Include="..\..\include\warmane\armory\http\connection.hpp">
      <Filter>Header Files\warmane\armory\http</Filter>
    </ClInclude>
    <ClInclude Include="..\..\include\warmane\armory\http.hpp">
      <Filter>Header Files\warmane\armory</Filter>
    </ClInclude>
    <ClInclude Include="..\..\include\warmane\armory\site.hpp">
      <Filter>Header Files\warmane\armory</Filter>
    </ClInclude>
    <ClInclude Include="..\..\include\warmane\armory\api.hpp">
      <Filter>Header Files\warmane\armory</Filter>
    </ClInclude>
    <ClInclude Include="..\..\include\warmane\armory\site\target.hpp">
      <Filter>Header Files\warmane\armory\site</Filter>
    </ClInclude>
    <ClInclude Include="..\..\include\warmane\armory\http\error.hpp">
      <Filter>Header Files\warmane\armory\http</Filter>
    </ClInclude>
    <ClInclude Include="..\..\include\warmane\armory\site\error.hpp">
      <Filter>Header Files\warmane\armory\site</Filter>
    </ClInclude>
    <ClInclude Include="..\..\include\warmane\armory\api\load.hpp">
      <Filter>Header Files\warmane\armory\api</Filter>
    </ClInclude>
    <ClInclude Include="..\..\include\warmane\armory\site\load.hpp">
      <Filter>Header Files\warmane\armory\site</Filter>
    </ClInclude>
    <ClInclude Include="..\..\include\warmane\armory\json.hpp">
      <Filter>Header Files\warmane\armory</Filter>
    </ClInclude>
    <ClInclude Include="..\..\include\warmane\armory\error.hpp">
      <Filter>Header Files\warmane\armory</Filter>
    </ClInclude>
    <ClInclude Include="..\..\include\warmane\armory\classes.hpp">
      <Filter>Header Files\warmane\armory</Filter>
    </ClInclude>
    <ClInclude Include="..\..\include\warmane\armory\site\parser\html_parser.hpp">
      <Filter>Header Files\warmane\armory\site\parser</Filter>
    </ClInclude>
    <ClInclude Include="..\..\include\warmane\utility\array.hpp">
      <Filter>Header Files\warmane\utility</Filter>
    </ClInclude>
    <ClInclude Include="..\..\include\warmane\armory\site\parser\productions.hpp">
      <Filter>Header Files\warmane\armory\site\parser</Filter>
    </ClInclude>
    <ClInclude Include="..\..\include\warmane\armory\site\parser\error.hpp">
      <Filter>Header Files\warmane\armory\site\parser</Filter>
    </ClInclude>
    <ClInclude Include="..\..\include\warmane\armory\guild.hpp">
      <Filter>Header Files\warmane\armory</Filter>
    </ClInclude>
    <ClInclude Include="..\..\include\warmane\armory\character.hpp">
      <Filter>Header Files\warmane\armory</Filter>
    </ClInclude>
    <ClInclude Include="..\..\include\warmane\armory\site\parser\tokens\content.hpp">
      <Filter>Header Files\warmane\armory\site\parser\tokens</Filter>
    </ClInclude>
    <ClInclude Include="..\..\include\warmane\armory\site\parser\patterns\html.hpp">
      <Filter>Header Files\warmane\armory\site\parser\patterns</Filter>
    </ClInclude>
    <ClInclude Include="..\..\include\warmane\armory\site\parser\html\tag.hpp">
      <Filter>Header Files\warmane\armory\site\parser\html</Filter>
    </ClInclude>
    <ClInclude Include="..\..\include\warmane\armory\site\parser\html\attribute.hpp">
      <Filter>Header Files\warmane\armory\site\parser\html</Filter>
    </ClInclude>
    <ClInclude Include="..\..\include\warmane\armory\site\parser\token.hpp">
      <Filter>Header Files\warmane\armory\site\parser</Filter>
    </ClInclude>
    <ClInclude Include="..\..\include\warmane\armory\site\parser\symbol.hpp">
      <Filter>Header Files\warmane\armory\site\parser</Filter>
    </ClInclude>
    <ClInclude Include="..\..\include\warmane\armory\site\parser\tokens\div.hpp">
      <Filter>Header Files\warmane\armory\site\parser\tokens</Filter>
    </ClInclude>
    <ClInclude Include="..\..\include\warmane\armory\site\parser\tokens\span.hpp">
      <Filter>Header Files\warmane\armory\site\parser\tokens</Filter>
    </ClInclude>
    <ClInclude Include="..\..\include\warmane\armory\site\parser\lex.hpp">
      <Filter>Header Files\warmane\armory\site\parser</Filter>
    </ClInclude>
  </ItemGroup>
</Project>